<?xml version="1.0" encoding="utf-8"?>
<Project ToolsVersion="4.0" xmlns="http://schemas.microsoft.com/developer/msbuild/2003">
  <ItemGroup>
    <ClCompile Include="EntryPoint.cpp" />
    <ClCompile Include="Main\Main.cpp" />
    <ClCompile Include="ImGui\imgui.cpp" />
    <ClCompile Include="ImGui\imgui_demo.cpp" />
    <ClCompile Include="ImGui\imgui_draw.cpp" />
    <ClCompile Include="ImGui\imgui_impl_dx11.cpp" />
    <ClCompile Include="ImGui\imgui_impl_win32.cpp" />
    <ClCompile Include="ImGui\imgui_widgets.cpp" />
    <ClCompile Include="Utils\Console\Console.cpp" />
    <ClCompile Include="Hooking\Keiro\minhook\src\hde\hde32.c" />
    <ClCompile Include="Hooking\Keiro\minhook\src\hde\hde64.c" />
    <ClCompile Include="Hooking\Keiro\minhook\src\buffer.c" />
    <ClCompile Include="Hooking\Keiro\minhook\src\hook.c" />
    <ClCompile Include="Hooking\Keiro\minhook\src\trampoline.c" />
    <ClCompile Include="Hooking\Keiro\kiero.cpp" />
    <ClCompile Include="GUI\GUI.cpp" />
  </ItemGroup>
  <ItemGroup>
    <ClInclude Include="Includes.hpp" />
    <ClInclude Include="Main\Main.hpp" />
    <ClInclude Include="ImGui\imconfig.h" />
    <ClInclude Include="ImGui\imgui.h" />
    <ClInclude Include="ImGui\imgui_impl_dx11.h" />
    <ClInclude Include="ImGui\imgui_impl_win32.h" />
    <ClInclude Include="ImGui\imgui_internal.h" />
    <ClInclude Include="ImGui\imstb_rectpack.h" />
    <ClInclude Include="ImGui\imstb_textedit.h" />
    <ClInclude Include="ImGui\imstb_truetype.h" />
    <ClInclude Include="Utils\Console\Console.hpp" />
    <ClInclude Include="Hooking\Keiro\minhook\include\MinHook.h" />
    <ClInclude Include="Hooking\Keiro\minhook\src\hde\hde32.h" />
    <ClInclude Include="Hooking\Keiro\minhook\src\hde\hde64.h" />
    <ClInclude Include="Hooking\Keiro\minhook\src\hde\pstdint.h" />
    <ClInclude Include="Hooking\Keiro\minhook\src\hde\table32.h" />
    <ClInclude Include="Hooking\Keiro\minhook\src\hde\table64.h" />
    <ClInclude Include="Hooking\Keiro\minhook\src\buffer.h" />
    <ClInclude Include="Hooking\Keiro\minhook\src\trampoline.h" />
    <ClInclude Include="Hooking\Keiro\kiero.h" />
    <ClInclude Include="GUI\GUI.hpp" />
    <ClInclude Include="Hooking\Hook.h" />
    <ClInclude Include="SDK\Mono.hpp" />
    <ClInclude Include="SDK\Girls.hpp" />
    <ClInclude Include="SDK\Enums.hpp" />
    <ClInclude Include="Features\UnlockGirls.hpp" />
    <ClInclude Include="Features\SpeedHack.hpp" />
    <ClInclude Include="Features\Watermark.hpp" />
    <ClInclude Include="Features\ModifyGiftQuantity.hpp" />
    <ClInclude Include="Features\InfiniteDiamonds.hpp" />
    <ClInclude Include="Features\PhoneSkip.hpp" />
    <ClInclude Include="Features\ModGirls.hpp" />
    <ClInclude Include="Features\AlbumUnlock.hpp" />
    <ClInclude Include="Utils\Logging\Logging.hpp" />
    <ClInclude Include="Utils\Logging\Color.hpp" />
    <ClInclude Include="GUI\Style.hpp" />
    <ClInclude Include="GUI\Custom.hpp" />
    <ClInclude Include="Features\JobUnlock.hpp" />
    <ClInclude Include="Features\NSFW.hpp" />
    <ClInclude Include="Features\HobbiesUnlock.hpp" />
    <ClInclude Include="Utils\MiscUtils.hpp" />
    <ClInclude Include="Features\Quit.hpp" />
    <ClInclude Include="Features\Unlocker.hpp" />
  </ItemGroup>
  <ItemGroup>
    <None Include="Hooking\Keiro\minhook\dll_resources\MinHook.def" />
  </ItemGroup>
  <ItemGroup>
    <ResourceCompile Include="Hooking\Keiro\minhook\dll_resources\MinHook.rc" />
  </ItemGroup>
</Project>